{
    "_meta": {
        "hash": {
            "sha256": "def161b230c87f82754186c472037a3a346c0f4fb7721eb854f38bea81fbe546"
        },
        "pipfile-spec": 6,
        "requires": {
            "python_version": "3.10"
        },
        "sources": [
            {
                "name": "pypi",
                "url": "https://pypi.org/simple",
                "verify_ssl": true
            }
        ]
    },
    "default": {
        "awscrt": {
            "hashes": [
                "sha256:02185763a689b9a39a54c3c9ed2a610fca2f6278cd52dee76ec61d24a6dce617",
                "sha256:05a08a1daea7e125fc00c3b8d2883bc0f649cac0db7056190a003a66dd98031d",
                "sha256:0d68d0b60920af1222ed0cc8877a024da70ed612006a57927f3d93e0f87fadef",
                "sha256:2094bf4ad9dd5f136fde8b797720ff26e09ff6853694a09688b1417d49a65a07",
                "sha256:39cc5fdc9de979d38965f7871edcf0a2befd4fec3fda7c42c8a7346d4fca7084",
                "sha256:3fef57be614b48513237cff3194e6752b5dceb739dd78981207873983506e437",
                "sha256:4b52f589e0873f476fe732523b469f05da20d1163556097b71f52f60fa3f39c7",
                "sha256:56a5c75b64a9283338c033e0cc9f935ecf6612dc80f58bc6202b73ba07b740c2",
                "sha256:56ab859c9fb660edd2e9a60121be484b34d3f3c78c09c195b5c510a8dc723007",
                "sha256:589de03bcf79c30e781a3a31aeb9ecd5433ebde69524f253860494ec6c32b1aa",
                "sha256:66c975b394fb0779ec58f0f5dac142deeba065c0ecd0404fc36282edd421076b",
                "sha256:6d5115b94c96f3fa4dc90805a2b6304f90404952df4f3b916662b11e9bb93c35",
                "sha256:7389aac7860e05399ab4b49115af2e4841d3615c80be4cd1ba167b57caa0b941",
                "sha256:7df8684df8b14c9b8e891b296c506cd2d1f3665000f327c41a74c281286a05c2",
                "sha256:89f69ce41172895664939e07c9bd8ea33d83841641998534cd985b7f34f198ef",
                "sha256:98c0d389cbd6ad4d367a20975d3323fae63e9ccfa055de8760f9b971342b44a5",
                "sha256:a439687e1a0d30681e387bff97a58db5cf2f89768b0e6ff39bbd720116a9c095",
                "sha256:b233125648498cb09340812729852f0ec22f0c0e03aa9b14e48f55aabf8281fb",
                "sha256:b273474e7c6bfd65fc7eac709956042656e579f63e164e73f000bae1fd30d65d",
                "sha256:b5df7909a32d050bc87167ea703431f09c90e9eb72cc45b6251436f7bf6c0817",
                "sha256:bf5889bdb80adbc9203443e1e357e5fb575fd30ebc6e4bb4058fabdca6021d53",
                "sha256:c9695775af6f6136086b5a8bf6894b191e3cf72ccc4cd59d15e5ae3a2588094d",
                "sha256:c976baa10580037721733f17b5fd34dd7060eba5dbebb692d1e84345a672a39b",
                "sha256:cf827175e3dda3b5aa73870d384954c215be88dafc5dfdc02bbf1a415f238a33",
                "sha256:d1057897b2578c4f49ed2e4350554f4d00a6015e38b9474f4b14fc6b43c69ada",
                "sha256:d1c39ad343bc804626702e8e9c5edb21c687345f82194945cce0e282280fc565",
                "sha256:d4d3971347cc339a6bfe8e8a855f89fcff6269648460eba341e82bcf6bb3973d",
                "sha256:d910f38e5c0a097091bd1e28fe56363ab7fc1dd8f3b173b8ac32bd4095df7bbd",
                "sha256:e260023370cc113fea9e30a101fe786d391d72cba6e47b506994de2044265929",
                "sha256:ed8e03377ab2e1b676a653f497d6834f42d26bb25d02348c3935ff543f0da750",
                "sha256:f0a8a2d35f97dba9c9ec3b81ac4c5ba5f87939a63297a2d5a0bf6a12583d7288",
                "sha256:f63e6e6f919f7eac15a79a5bc18b69ef5b2292cc68e9f2d1a35002c2fd754981"
            ],
            "version": "==0.16.9"
        },
        "boto3": {
            "extras": [
                "crt"
            ],
            "hashes": [
                "sha256:2914776e0138530ec6464d0e2f05b4aa18e9212ac920c48472f8a93650feaed2",
                "sha256:f4951f8162905b96fd045e32853ba8cf707042faac846a23910817c508ef27d7"
            ],
            "index": "pypi",
            "version": "==1.26.105"
        },
        "botocore": {
            "hashes": [
                "sha256:06a2838daad3f346cba5460d0d3deb198225b556ff9ca729798d787fadbdebde",
                "sha256:17c82391dfd6aaa8f96fbbb08cad2c2431ef3cda0ece89e6e6ba444c5eed45c2"
            ],
            "markers": "python_version >= '3.7'",
            "version": "==1.29.105"
        },
        "jmespath": {
            "hashes": [
                "sha256:02e2e4cc71b5bcab88332eebf907519190dd9e6e82107fa7f83b1003a6252980",
                "sha256:90261b206d6defd58fdd5e85f478bf633a2901798906be2ad389150c5c60edbe"
            ],
            "markers": "python_version >= '3.7'",
            "version": "==1.0.1"
        },
        "psycopg": {
            "hashes": [
                "sha256:59b4a71536b146925513c0234dfd1dc42b81e65d56ce5335dff4813434dbc113",
                "sha256:b1500c42063abaa01d30b056f0b300826b8dd8d586900586029a294ce74af327"
            ],
            "index": "pypi",
            "version": "==3.1.8"
        },
        "python-dateutil": {
            "hashes": [
                "sha256:0123cacc1627ae19ddf3c27a5de5bd67ee4586fbdd6440d9748f8abb483d3e86",
                "sha256:961d03dc3453ebbc59dbdea9e4e11c5651520a876d0f4db161e8674aae935da9"
            ],
            "markers": "python_version >= '2.7' and python_version not in '3.0, 3.1, 3.2, 3.3'",
            "version": "==2.8.2"
        },
        "regex": {
            "hashes": [
                "sha256:086afe222d58b88b62847bdbd92079b4699350b4acab892f88a935db5707c790",
                "sha256:0b8eb1e3bca6b48dc721818a60ae83b8264d4089a4a41d62be6d05316ec38e15",
                "sha256:11d00c31aeab9a6e0503bc77e73ed9f4527b3984279d997eb145d7c7be6268fd",
                "sha256:11d1f2b7a0696dc0310de0efb51b1f4d813ad4401fe368e83c0c62f344429f98",
                "sha256:1b1fc2632c01f42e06173d8dd9bb2e74ab9b0afa1d698058c867288d2c7a31f3",
                "sha256:20abe0bdf03630fe92ccafc45a599bca8b3501f48d1de4f7d121153350a2f77d",
                "sha256:22720024b90a6ba673a725dcc62e10fb1111b889305d7c6b887ac7466b74bedb",
                "sha256:2472428efc4127374f494e570e36b30bb5e6b37d9a754f7667f7073e43b0abdd",
                "sha256:25f0532fd0c53e96bad84664171969de9673b4131f2297f1db850d3918d58858",
                "sha256:2848bf76673c83314068241c8d5b7fa9ad9bed866c979875a0e84039349e8fa7",
                "sha256:37ae17d3be44c0b3f782c28ae9edd8b47c1f1776d4cabe87edc0b98e1f12b021",
                "sha256:3cd9f5dd7b821f141d3a6ca0d5d9359b9221e4f051ca3139320adea9f1679691",
                "sha256:4479f9e2abc03362df4045b1332d4a2b7885b245a30d4f4b051c4083b97d95d8",
                "sha256:4c49552dc938e3588f63f8a78c86f3c9c75301e813bca0bef13bdb4b87ccf364",
                "sha256:539dd010dc35af935b32f248099e38447bbffc10b59c2b542bceead2bed5c325",
                "sha256:54c3fa855a3f7438149de3211738dd9b5f0c733f48b54ae05aa7fce83d48d858",
                "sha256:55ae114da21b7a790b90255ea52d2aa3a0d121a646deb2d3c6a3194e722fc762",
                "sha256:5ccfafd98473e007cebf7da10c1411035b7844f0f204015efd050601906dbb53",
                "sha256:5fc33b27b1d800fc5b78d7f7d0f287e35079ecabe68e83d46930cf45690e1c8c",
                "sha256:6560776ec19c83f3645bbc5db64a7a5816c9d8fb7ed7201c5bcd269323d88072",
                "sha256:6572ff287176c0fb96568adb292674b421fa762153ed074d94b1d939ed92c253",
                "sha256:6b190a339090e6af25f4a5fd9e77591f6d911cc7b96ecbb2114890b061be0ac1",
                "sha256:7304863f3a652dab5e68e6fb1725d05ebab36ec0390676d1736e0571ebb713ef",
                "sha256:75f288c60232a5339e0ff2fa05779a5e9c74e9fc085c81e931d4a264501e745b",
                "sha256:7868b8f218bf69a2a15402fde08b08712213a1f4b85a156d90473a6fb6b12b09",
                "sha256:787954f541ab95d8195d97b0b8cf1dc304424adb1e07365967e656b92b38a699",
                "sha256:78ac8dd8e18800bb1f97aad0d73f68916592dddf233b99d2b5cabc562088503a",
                "sha256:79e29fd62fa2f597a6754b247356bda14b866131a22444d67f907d6d341e10f3",
                "sha256:845a5e2d84389c4ddada1a9b95c055320070f18bb76512608374aca00d22eca8",
                "sha256:86b036f401895e854de9fefe061518e78d506d8a919cc250dc3416bca03f6f9a",
                "sha256:87d9951f5a538dd1d016bdc0dcae59241d15fa94860964833a54d18197fcd134",
                "sha256:8a9c63cde0eaa345795c0fdeb19dc62d22e378c50b0bc67bf4667cd5b482d98b",
                "sha256:93f3f1aa608380fe294aa4cb82e2afda07a7598e828d0341e124b8fd9327c715",
                "sha256:9bf4a5626f2a0ea006bf81e8963f498a57a47d58907eaa58f4b3e13be68759d8",
                "sha256:9d764514d19b4edcc75fd8cb1423448ef393e8b6cbd94f38cab983ab1b75855d",
                "sha256:a610e0adfcb0fc84ea25f6ea685e39e74cbcd9245a72a9a7aab85ff755a5ed27",
                "sha256:a81c9ec59ca2303acd1ccd7b9ac409f1e478e40e96f8f79b943be476c5fdb8bb",
                "sha256:b7006105b10b59971d3b248ad75acc3651c7e4cf54d81694df5a5130a3c3f7ea",
                "sha256:c07ce8e9eee878a48ebeb32ee661b49504b85e164b05bebf25420705709fdd31",
                "sha256:c125a02d22c555e68f7433bac8449992fa1cead525399f14e47c2d98f2f0e467",
                "sha256:c37df2a060cb476d94c047b18572ee2b37c31f831df126c0da3cd9227b39253d",
                "sha256:c869260aa62cee21c5eb171a466c0572b5e809213612ef8d495268cd2e34f20d",
                "sha256:c88e8c226473b5549fe9616980ea7ca09289246cfbdf469241edf4741a620004",
                "sha256:cd1671e9d5ac05ce6aa86874dd8dfa048824d1dbe73060851b310c6c1a201a96",
                "sha256:cde09c4fdd070772aa2596d97e942eb775a478b32459e042e1be71b739d08b77",
                "sha256:cf86b4328c204c3f315074a61bc1c06f8a75a8e102359f18ce99fbcbbf1951f0",
                "sha256:d5bbe0e1511b844794a3be43d6c145001626ba9a6c1db8f84bdc724e91131d9d",
                "sha256:d895b4c863059a4934d3e874b90998df774644a41b349ebb330f85f11b4ef2c0",
                "sha256:db034255e72d2995cf581b14bb3fc9c00bdbe6822b49fcd4eef79e1d5f232618",
                "sha256:dbb3f87e15d3dd76996d604af8678316ad2d7d20faa394e92d9394dfd621fd0c",
                "sha256:dc80df325b43ffea5cdea2e3eaa97a44f3dd298262b1c7fe9dbb2a9522b956a7",
                "sha256:dd7200b4c27b68cf9c9646da01647141c6db09f48cc5b51bc588deaf8e98a797",
                "sha256:df45fac182ebc3c494460c644e853515cc24f5ad9da05f8ffb91da891bfee879",
                "sha256:e152461e9a0aedec7d37fc66ec0fa635eca984777d3d3c3e36f53bf3d3ceb16e",
                "sha256:e2396e0678167f2d0c197da942b0b3fb48fee2f0b5915a0feb84d11b6686afe6",
                "sha256:e76b6fc0d8e9efa39100369a9b3379ce35e20f6c75365653cf58d282ad290f6f",
                "sha256:ea3c0cb56eadbf4ab2277e7a095676370b3e46dbfc74d5c383bd87b0d6317910",
                "sha256:ef3f528fe1cc3d139508fe1b22523745aa77b9d6cb5b0bf277f48788ee0b993f",
                "sha256:fdf7ad455f1916b8ea5cdbc482d379f6daf93f3867b4232d14699867a5a13af7",
                "sha256:fffe57312a358be6ec6baeb43d253c36e5790e436b7bf5b7a38df360363e88e9"
            ],
            "index": "pypi",
            "version": "==2023.3.23"
        },
        "s3transfer": {
            "hashes": [
                "sha256:06176b74f3a15f61f1b4f25a1fc29a4429040b7647133a463da8fa5bd28d5ecd",
                "sha256:2ed07d3866f523cc561bf4a00fc5535827981b117dd7876f036b0c1aca42c947"
            ],
            "markers": "python_version >= '3.7'",
            "version": "==0.6.0"
        },
        "six": {
            "hashes": [
                "sha256:1e61c37477a1626458e36f7b1d82aa5c9b094fa4802892072e49de9c60c4c926",
                "sha256:8abb2f1d86890a2dfb989f9a77cfcfd3e47c2a354b01111771326f8aa26e0254"
            ],
            "markers": "python_version >= '2.7' and python_version not in '3.0, 3.1, 3.2, 3.3'",
            "version": "==1.16.0"
        },
        "typing-extensions": {
            "hashes": [
                "sha256:5cb5f4a79139d699607b3ef622a1dedafa84e115ab0024e0d9c044a9479ca7cb",
                "sha256:fb33085c39dd998ac16d1431ebc293a8b3eedd00fd4a32de0ff79002c19511b4"
            ],
            "markers": "python_version >= '3.7'",
            "version": "==4.5.0"
        },
        "urllib3": {
            "hashes": [
                "sha256:8a388717b9476f934a21484e8c8e61875ab60644d29b9b39e11e4b9dc1c6b305",
                "sha256:aa751d169e23c7479ce47a0cb0da579e3ede798f994f5816a74e4f4500dcea42"
            ],
            "markers": "python_version >= '2.7' and python_version not in '3.0, 3.1, 3.2, 3.3, 3.4, 3.5'",
            "version": "==1.26.15"
        }
    },
    "develop": {}
}
